
Microsoft Visual Studio Solution File, Format Version 12.00
# Visual Studio 15
VisualStudioVersion = 15.0.28010.2019
MinimumVisualStudioVersion = 10.0.40219.1
Project("{FAE04EC0-301F-11D3-BF4B-00C04F79EFBC}") = "Asteroids", "Asteroids\Asteroids.csproj", "{B5B6F265-B6AF-4D2A-8E5C-DA9FA53BA5F6}"
EndProject
Project("{FAE04EC0-301F-11D3-BF4B-00C04F79EFBC}") = "Collections_HW_Lesson3", "Collections_HW_Lesson3\Collections_HW_Lesson3.csproj", "{8FC6C440-0B1E-4EDB-84F7-8508D0EC88FC}"
EndProject
Project("{FAE04EC0-301F-11D3-BF4B-00C04F79EFBC}") = "Linq_HW_Lesson3", "Linq_HW_Lesson3\Linq_HW_Lesson3.csproj", "{9DEFCFA7-DD4D-4E8D-B06D-4C2A271DECDA}"
EndProject
Global
	GlobalSection(SolutionConfigurationPlatforms) = preSolution
		Debug|Any CPU = Debug|Any CPU
		Release|Any CPU = Release|Any CPU
	EndGlobalSection
	GlobalSection(ProjectConfigurationPlatforms) = postSolution
		{B5B6F265-B6AF-4D2A-8E5C-DA9FA53BA5F6}.Debug|Any CPU.ActiveCfg = Debug|Any CPU
		{B5B6F265-B6AF-4D2A-8E5C-DA9FA53BA5F6}.Debug|Any CPU.Build.0 = Debug|Any CPU
		{B5B6F265-B6AF-4D2A-8E5C-DA9FA53BA5F6}.Release|Any CPU.ActiveCfg = Release|Any CPU
		{B5B6F265-B6AF-4D2A-8E5C-DA9FA53BA5F6}.Release|Any CPU.Build.0 = Release|Any CPU
		{8FC6C440-0B1E-4EDB-84F7-8508D0EC88FC}.Debug|Any CPU.ActiveCfg = Debug|Any CPU
		{8FC6C440-0B1E-4EDB-84F7-8508D0EC88FC}.Debug|Any CPU.Build.0 = Debug|Any CPU
		{8FC6C440-0B1E-4EDB-84F7-8508D0EC88FC}.Release|Any CPU.ActiveCfg = Release|Any CPU
		{8FC6C440-0B1E-4EDB-84F7-8508D0EC88FC}.Release|Any CPU.Build.0 = Release|Any CPU
		{9DEFCFA7-DD4D-4E8D-B06D-4C2A271DECDA}.Debug|Any CPU.ActiveCfg = Debug|Any CPU
		{9DEFCFA7-DD4D-4E8D-B06D-4C2A271DECDA}.Debug|Any CPU.Build.0 = Debug|Any CPU
		{9DEFCFA7-DD4D-4E8D-B06D-4C2A271DECDA}.Release|Any CPU.ActiveCfg = Release|Any CPU
		{9DEFCFA7-DD4D-4E8D-B06D-4C2A271DECDA}.Release|Any CPU.Build.0 = Release|Any CPU
	EndGlobalSection
	GlobalSection(SolutionProperties) = preSolution
		HideSolutionNode = FALSE
	EndGlobalSection
	GlobalSection(ExtensibilityGlobals) = postSolution
		SolutionGuid = {911AB635-C767-4508-ABF7-F2A9355E987F}
	EndGlobalSection
EndGlobal
